// !$*UTF8*$!
{
	archiveVersion = 1;
	classes = {
	};
	objectVersion = 46;
	objects = {

/* Begin PBXBuildFile section */
		762821161D7A54F600B99CCC /* main.m in Sources */ = {isa = PBXBuildFile; fileRef = 762821151D7A54F600B99CCC /* main.m */; };
		762821191D7A54F600B99CCC /* AppDelegate.m in Sources */ = {isa = PBXBuildFile; fileRef = 762821181D7A54F600B99CCC /* AppDelegate.m */; };
		762821211D7A54F600B99CCC /* Assets.xcassets in Resources */ = {isa = PBXBuildFile; fileRef = 762821201D7A54F600B99CCC /* Assets.xcassets */; };
		762821241D7A54F600B99CCC /* LaunchScreen.storyboard in Resources */ = {isa = PBXBuildFile; fileRef = 762821221D7A54F600B99CCC /* LaunchScreen.storyboard */; };
		7628212E1D7A55F200B99CCC /* UIView+Frame.m in Sources */ = {isa = PBXBuildFile; fileRef = 7628212D1D7A55F200B99CCC /* UIView+Frame.m */; };
		762821341D7A55FF00B99CCC /* ZTBaseMenuViewController.m in Sources */ = {isa = PBXBuildFile; fileRef = 762821311D7A55FF00B99CCC /* ZTBaseMenuViewController.m */; };
		762821351D7A55FF00B99CCC /* ZTViewController.m in Sources */ = {isa = PBXBuildFile; fileRef = 762821331D7A55FF00B99CCC /* ZTViewController.m */; };
		762821431D7A561700B99CCC /* FifthViewController.m in Sources */ = {isa = PBXBuildFile; fileRef = 762821381D7A561700B99CCC /* FifthViewController.m */; };
		762821441D7A561700B99CCC /* FirstViewController.m in Sources */ = {isa = PBXBuildFile; fileRef = 7628213A1D7A561700B99CCC /* FirstViewController.m */; };
		762821451D7A561700B99CCC /* FourthViewController.m in Sources */ = {isa = PBXBuildFile; fileRef = 7628213C1D7A561700B99CCC /* FourthViewController.m */; };
		762821461D7A561700B99CCC /* SecondViewController.m in Sources */ = {isa = PBXBuildFile; fileRef = 7628213E1D7A561700B99CCC /* SecondViewController.m */; };
		762821471D7A561700B99CCC /* ThirdViewController.m in Sources */ = {isa = PBXBuildFile; fileRef = 762821401D7A561700B99CCC /* ThirdViewController.m */; };
		762821481D7A561700B99CCC /* ThreeViewController.m in Sources */ = {isa = PBXBuildFile; fileRef = 762821421D7A561700B99CCC /* ThreeViewController.m */; };
		7628214D1D7A562200B99CCC /* ZTPageView.m in Sources */ = {isa = PBXBuildFile; fileRef = 7628214B1D7A562200B99CCC /* ZTPageView.m */; };
		7628214E1D7A562200B99CCC /* ZTPageView.xib in Resources */ = {isa = PBXBuildFile; fileRef = 7628214C1D7A562200B99CCC /* ZTPageView.xib */; };
		762821511D7A5C4200B99CCC /* SixthViewController.m in Sources */ = {isa = PBXBuildFile; fileRef = 762821501D7A5C4200B99CCC /* SixthViewController.m */; };
/* End PBXBuildFile section */

/* Begin PBXFileReference section */
		762821111D7A54F600B99CCC /* ZTCarouselADType2.app */ = {isa = PBXFileReference; explicitFileType = wrapper.application; includeInIndex = 0; path = ZTCarouselADType2.app; sourceTree = BUILT_PRODUCTS_DIR; };
		762821151D7A54F600B99CCC /* main.m */ = {isa = PBXFileReference; lastKnownFileType = sourcecode.c.objc; path = main.m; sourceTree = "<group>"; };
		762821171D7A54F600B99CCC /* AppDelegate.h */ = {isa = PBXFileReference; lastKnownFileType = sourcecode.c.h; path = AppDelegate.h; sourceTree = "<group>"; };
		762821181D7A54F600B99CCC /* AppDelegate.m */ = {isa = PBXFileReference; lastKnownFileType = sourcecode.c.objc; path = AppDelegate.m; sourceTree = "<group>"; };
		762821201D7A54F600B99CCC /* Assets.xcassets */ = {isa = PBXFileReference; lastKnownFileType = folder.assetcatalog; path = Assets.xcassets; sourceTree = "<group>"; };
		762821231D7A54F600B99CCC /* Base */ = {isa = PBXFileReference; lastKnownFileType = file.storyboard; name = Base; path = Base.lproj/LaunchScreen.storyboard; sourceTree = "<group>"; };
		762821251D7A54F600B99CCC /* Info.plist */ = {isa = PBXFileReference; lastKnownFileType = text.plist.xml; path = Info.plist; sourceTree = "<group>"; };
		7628212C1D7A55F200B99CCC /* UIView+Frame.h */ = {isa = PBXFileReference; fileEncoding = 4; lastKnownFileType = sourcecode.c.h; path = "UIView+Frame.h"; sourceTree = "<group>"; };
		7628212D1D7A55F200B99CCC /* UIView+Frame.m */ = {isa = PBXFileReference; fileEncoding = 4; lastKnownFileType = sourcecode.c.objc; path = "UIView+Frame.m"; sourceTree = "<group>"; };
		762821301D7A55FF00B99CCC /* ZTBaseMenuViewController.h */ = {isa = PBXFileReference; fileEncoding = 4; lastKnownFileType = sourcecode.c.h; path = ZTBaseMenuViewController.h; sourceTree = "<group>"; };
		762821311D7A55FF00B99CCC /* ZTBaseMenuViewController.m */ = {isa = PBXFileReference; fileEncoding = 4; lastKnownFileType = sourcecode.c.objc; path = ZTBaseMenuViewController.m; sourceTree = "<group>"; };
		762821321D7A55FF00B99CCC /* ZTViewController.h */ = {isa = PBXFileReference; fileEncoding = 4; lastKnownFileType = sourcecode.c.h; path = ZTViewController.h; sourceTree = "<group>"; };
		762821331D7A55FF00B99CCC /* ZTViewController.m */ = {isa = PBXFileReference; fileEncoding = 4; lastKnownFileType = sourcecode.c.objc; path = ZTViewController.m; sourceTree = "<group>"; };
		762821371D7A561700B99CCC /* FifthViewController.h */ = {isa = PBXFileReference; fileEncoding = 4; lastKnownFileType = sourcecode.c.h; path = FifthViewController.h; sourceTree = "<group>"; };
		762821381D7A561700B99CCC /* FifthViewController.m */ = {isa = PBXFileReference; fileEncoding = 4; lastKnownFileType = sourcecode.c.objc; path = FifthViewController.m; sourceTree = "<group>"; };
		762821391D7A561700B99CCC /* FirstViewController.h */ = {isa = PBXFileReference; fileEncoding = 4; lastKnownFileType = sourcecode.c.h; path = FirstViewController.h; sourceTree = "<group>"; };
		7628213A1D7A561700B99CCC /* FirstViewController.m */ = {isa = PBXFileReference; fileEncoding = 4; lastKnownFileType = sourcecode.c.objc; path = FirstViewController.m; sourceTree = "<group>"; };
		7628213B1D7A561700B99CCC /* FourthViewController.h */ = {isa = PBXFileReference; fileEncoding = 4; lastKnownFileType = sourcecode.c.h; path = FourthViewController.h; sourceTree = "<group>"; };
		7628213C1D7A561700B99CCC /* FourthViewController.m */ = {isa = PBXFileReference; fileEncoding = 4; lastKnownFileType = sourcecode.c.objc; path = FourthViewController.m; sourceTree = "<group>"; };
		7628213D1D7A561700B99CCC /* SecondViewController.h */ = {isa = PBXFileReference; fileEncoding = 4; lastKnownFileType = sourcecode.c.h; path = SecondViewController.h; sourceTree = "<group>"; };
		7628213E1D7A561700B99CCC /* SecondViewController.m */ = {isa = PBXFileReference; fileEncoding = 4; lastKnownFileType = sourcecode.c.objc; path = SecondViewController.m; sourceTree = "<group>"; };
		7628213F1D7A561700B99CCC /* ThirdViewController.h */ = {isa = PBXFileReference; fileEncoding = 4; lastKnownFileType = sourcecode.c.h; path = ThirdViewController.h; sourceTree = "<group>"; };
		762821401D7A561700B99CCC /* ThirdViewController.m */ = {isa = PBXFileReference; fileEncoding = 4; lastKnownFileType = sourcecode.c.objc; path = ThirdViewController.m; sourceTree = "<group>"; };
		762821411D7A561700B99CCC /* ThreeViewController.h */ = {isa = PBXFileReference; fileEncoding = 4; lastKnownFileType = sourcecode.c.h; path = ThreeViewController.h; sourceTree = "<group>"; };
		762821421D7A561700B99CCC /* ThreeViewController.m */ = {isa = PBXFileReference; fileEncoding = 4; lastKnownFileType = sourcecode.c.objc; path = ThreeViewController.m; sourceTree = "<group>"; };
		7628214A1D7A562200B99CCC /* ZTPageView.h */ = {isa = PBXFileReference; fileEncoding = 4; lastKnownFileType = sourcecode.c.h; path = ZTPageView.h; sourceTree = "<group>"; };
		7628214B1D7A562200B99CCC /* ZTPageView.m */ = {isa = PBXFileReference; fileEncoding = 4; lastKnownFileType = sourcecode.c.objc; path = ZTPageView.m; sourceTree = "<group>"; };
		7628214C1D7A562200B99CCC /* ZTPageView.xib */ = {isa = PBXFileReference; fileEncoding = 4; lastKnownFileType = file.xib; path = ZTPageView.xib; sourceTree = "<group>"; };
		7628214F1D7A5C4200B99CCC /* SixthViewController.h */ = {isa = PBXFileReference; fileEncoding = 4; lastKnownFileType = sourcecode.c.h; path = SixthViewController.h; sourceTree = "<group>"; };
		762821501D7A5C4200B99CCC /* SixthViewController.m */ = {isa = PBXFileReference; fileEncoding = 4; lastKnownFileType = sourcecode.c.objc; path = SixthViewController.m; sourceTree = "<group>"; };
/* End PBXFileReference section */

/* Begin PBXFrameworksBuildPhase section */
		7628210E1D7A54F600B99CCC /* Frameworks */ = {
			isa = PBXFrameworksBuildPhase;
			buildActionMask = 2147483647;
			files = (
			);
			runOnlyForDeploymentPostprocessing = 0;
		};
/* End PBXFrameworksBuildPhase section */

/* Begin PBXGroup section */
		762821081D7A54F600B99CCC = {
			isa = PBXGroup;
			children = (
				762821131D7A54F600B99CCC /* ZTCarouselADType2 */,
				762821121D7A54F600B99CCC /* Products */,
			);
			sourceTree = "<group>";
		};
		762821121D7A54F600B99CCC /* Products */ = {
			isa = PBXGroup;
			children = (
				762821111D7A54F600B99CCC /* ZTCarouselADType2.app */,
			);
			name = Products;
			sourceTree = "<group>";
		};
		762821131D7A54F600B99CCC /* ZTCarouselADType2 */ = {
			isa = PBXGroup;
			children = (
				762821491D7A562200B99CCC /* View */,
				762821361D7A561700B99CCC /* TitleViewControllers */,
				7628212F1D7A55FF00B99CCC /* Main */,
				7628212B1D7A55F200B99CCC /* Category */,
				762821171D7A54F600B99CCC /* AppDelegate.h */,
				762821181D7A54F600B99CCC /* AppDelegate.m */,
				762821201D7A54F600B99CCC /* Assets.xcassets */,
				762821221D7A54F600B99CCC /* LaunchScreen.storyboard */,
				762821251D7A54F600B99CCC /* Info.plist */,
				762821141D7A54F600B99CCC /* Supporting Files */,
			);
			path = ZTCarouselADType2;
			sourceTree = "<group>";
		};
		762821141D7A54F600B99CCC /* Supporting Files */ = {
			isa = PBXGroup;
			children = (
				762821151D7A54F600B99CCC /* main.m */,
			);
			name = "Supporting Files";
			sourceTree = "<group>";
		};
		7628212B1D7A55F200B99CCC /* Category */ = {
			isa = PBXGroup;
			children = (
				7628212C1D7A55F200B99CCC /* UIView+Frame.h */,
				7628212D1D7A55F200B99CCC /* UIView+Frame.m */,
			);
			path = Category;
			sourceTree = "<group>";
		};
		7628212F1D7A55FF00B99CCC /* Main */ = {
			isa = PBXGroup;
			children = (
				762821301D7A55FF00B99CCC /* ZTBaseMenuViewController.h */,
				762821311D7A55FF00B99CCC /* ZTBaseMenuViewController.m */,
				762821321D7A55FF00B99CCC /* ZTViewController.h */,
				762821331D7A55FF00B99CCC /* ZTViewController.m */,
			);
			path = Main;
			sourceTree = "<group>";
		};
		762821361D7A561700B99CCC /* TitleViewControllers */ = {
			isa = PBXGroup;
			children = (
				762821371D7A561700B99CCC /* FifthViewController.h */,
				762821381D7A561700B99CCC /* FifthViewController.m */,
				762821391D7A561700B99CCC /* FirstViewController.h */,
				7628213A1D7A561700B99CCC /* FirstViewController.m */,
				7628213B1D7A561700B99CCC /* FourthViewController.h */,
				7628213C1D7A561700B99CCC /* FourthViewController.m */,
				7628213D1D7A561700B99CCC /* SecondViewController.h */,
				7628213E1D7A561700B99CCC /* SecondViewController.m */,
				7628213F1D7A561700B99CCC /* ThirdViewController.h */,
				762821401D7A561700B99CCC /* ThirdViewController.m */,
				762821411D7A561700B99CCC /* ThreeViewController.h */,
				762821421D7A561700B99CCC /* ThreeViewController.m */,
				7628214F1D7A5C4200B99CCC /* SixthViewController.h */,
				762821501D7A5C4200B99CCC /* SixthViewController.m */,
			);
			path = TitleViewControllers;
			sourceTree = "<group>";
		};
		762821491D7A562200B99CCC /* View */ = {
			isa = PBXGroup;
			children = (
				7628214A1D7A562200B99CCC /* ZTPageView.h */,
				7628214B1D7A562200B99CCC /* ZTPageView.m */,
				7628214C1D7A562200B99CCC /* ZTPageView.xib */,
			);
			path = View;
			sourceTree = "<group>";
		};
/* End PBXGroup section */

/* Begin PBXNativeTarget section */
		762821101D7A54F600B99CCC /* ZTCarouselADType2 */ = {
			isa = PBXNativeTarget;
			buildConfigurationList = 762821281D7A54F600B99CCC /* Build configuration list for PBXNativeTarget "ZTCarouselADType2" */;
			buildPhases = (
				7628210D1D7A54F600B99CCC /* Sources */,
				7628210E1D7A54F600B99CCC /* Frameworks */,
				7628210F1D7A54F600B99CCC /* Resources */,
			);
			buildRules = (
			);
			dependencies = (
			);
			name = ZTCarouselADType2;
			productName = ZTCarouselADType2;
			productReference = 762821111D7A54F600B99CCC /* ZTCarouselADType2.app */;
			productType = "com.apple.product-type.application";
		};
/* End PBXNativeTarget section */

/* Begin PBXProject section */
		762821091D7A54F600B99CCC /* Project object */ = {
			isa = PBXProject;
			attributes = {
				CLASSPREFIX = ZT;
				LastUpgradeCheck = 0730;
				ORGANIZATIONNAME = zzt;
				TargetAttributes = {
					762821101D7A54F600B99CCC = {
						CreatedOnToolsVersion = 7.3.1;
						DevelopmentTeam = BU6KEP3S7Y;
					};
				};
			};
			buildConfigurationList = 7628210C1D7A54F600B99CCC /* Build configuration list for PBXProject "ZTCarouselADType2" */;
			compatibilityVersion = "Xcode 3.2";
			developmentRegion = English;
			hasScannedForEncodings = 0;
			knownRegions = (
				en,
				Base,
			);
			mainGroup = 762821081D7A54F600B99CCC;
			productRefGroup = 762821121D7A54F600B99CCC /* Products */;
			projectDirPath = "";
			projectRoot = "";
			targets = (
				762821101D7A54F600B99CCC /* ZTCarouselADType2 */,
			);
		};
/* End PBXProject section */

/* Begin PBXResourcesBuildPhase section */
		7628210F1D7A54F600B99CCC /* Resources */ = {
			isa = PBXResourcesBuildPhase;
			buildActionMask = 2147483647;
			files = (
				762821241D7A54F600B99CCC /* LaunchScreen.storyboard in Resources */,
				7628214E1D7A562200B99CCC /* ZTPageView.xib in Resources */,
				762821211D7A54F600B99CCC /* Assets.xcassets in Resources */,
			);
			runOnlyForDeploymentPostprocessing = 0;
		};
/* End PBXResourcesBuildPhase section */

/* Begin PBXSourcesBuildPhase section */
		7628210D1D7A54F600B99CCC /* Sources */ = {
			isa = PBXSourcesBuildPhase;
			buildActionMask = 2147483647;
			files = (
				762821461D7A561700B99CCC /* SecondViewController.m in Sources */,
				7628212E1D7A55F200B99CCC /* UIView+Frame.m in Sources */,
				762821481D7A561700B99CCC /* ThreeViewController.m in Sources */,
				762821351D7A55FF00B99CCC /* ZTViewController.m in Sources */,
				762821341D7A55FF00B99CCC /* ZTBaseMenuViewController.m in Sources */,
				762821471D7A561700B99CCC /* ThirdViewController.m in Sources */,
				762821191D7A54F600B99CCC /* AppDelegate.m in Sources */,
				762821431D7A561700B99CCC /* FifthViewController.m in Sources */,
				7628214D1D7A562200B99CCC /* ZTPageView.m in Sources */,
				762821511D7A5C4200B99CCC /* SixthViewController.m in Sources */,
				762821451D7A561700B99CCC /* FourthViewController.m in Sources */,
				762821161D7A54F600B99CCC /* main.m in Sources */,
				762821441D7A561700B99CCC /* FirstViewController.m in Sources */,
			);
			runOnlyForDeploymentPostprocessing = 0;
		};
/* End PBXSourcesBuildPhase section */

/* Begin PBXVariantGroup section */
		762821221D7A54F600B99CCC /* LaunchScreen.storyboard */ = {
			isa = PBXVariantGroup;
			children = (
				762821231D7A54F600B99CCC /* Base */,
			);
			name = LaunchScreen.storyboard;
			sourceTree = "<group>";
		};
/* End PBXVariantGroup section */

/* Begin XCBuildConfiguration section */
		762821261D7A54F600B99CCC /* Debug */ = {
			isa = XCBuildConfiguration;
			buildSettings = {
				ALWAYS_SEARCH_USER_PATHS = NO;
				CLANG_ANALYZER_NONNULL = YES;
				CLANG_CXX_LANGUAGE_STANDARD = "gnu++0x";
				CLANG_CXX_LIBRARY = "libc++";
				CLANG_ENABLE_MODULES = YES;
				CLANG_ENABLE_OBJC_ARC = YES;
				CLANG_WARN_BOOL_CONVERSION = YES;
				CLANG_WARN_CONSTANT_CONVERSION = YES;
				CLANG_WARN_DIRECT_OBJC_ISA_USAGE = YES_ERROR;
				CLANG_WARN_EMPTY_BODY = YES;
				CLANG_WARN_ENUM_CONVERSION = YES;
				CLANG_WARN_INT_CONVERSION = YES;
				CLANG_WARN_OBJC_ROOT_CLASS = YES_ERROR;
				CLANG_WARN_UNREACHABLE_CODE = YES;
				CLANG_WARN__DUPLICATE_METHOD_MATCH = YES;
				"CODE_SIGN_IDENTITY[sdk=iphoneos*]" = "iPhone Developer";
				COPY_PHASE_STRIP = NO;
				DEBUG_INFORMATION_FORMAT = dwarf;
				ENABLE_STRICT_OBJC_MSGSEND = YES;
				ENABLE_TESTABILITY = YES;
				GCC_C_LANGUAGE_STANDARD = gnu99;
				GCC_DYNAMIC_NO_PIC = NO;
				GCC_NO_COMMON_BLOCKS = YES;
				GCC_OPTIMIZATION_LEVEL = 0;
				GCC_PREPROCESSOR_DEFINITIONS = (
					"DEBUG=1",
					"$(inherited)",
				);
				GCC_WARN_64_TO_32_BIT_CONVERSION = YES;
				GCC_WARN_ABOUT_RETURN_TYPE = YES_ERROR;
				GCC_WARN_UNDECLARED_SELECTOR = YES;
				GCC_WARN_UNINITIALIZED_AUTOS = YES_AGGRESSIVE;
				GCC_WARN_UNUSED_FUNCTION = YES;
				GCC_WARN_UNUSED_VARIABLE = YES;
				IPHONEOS_DEPLOYMENT_TARGET = 9.3;
				MTL_ENABLE_DEBUG_INFO = YES;
				ONLY_ACTIVE_ARCH = YES;
				SDKROOT = iphoneos;
			};
			name = Debug;
		};
		762821271D7A54F600B99CCC /* Release */ = {
			isa = XCBuildConfiguration;
			buildSettings = {
				ALWAYS_SEARCH_USER_PATHS = NO;
				CLANG_ANALYZER_NONNULL = YES;
				CLANG_CXX_LANGUAGE_STANDARD = "gnu++0x";
				CLANG_CXX_LIBRARY = "libc++";
				CLANG_ENABLE_MODULES = YES;
				CLANG_ENABLE_OBJC_ARC = YES;
				CLANG_WARN_BOOL_CONVERSION = YES;
				CLANG_WARN_CONSTANT_CONVERSION = YES;
				CLANG_WARN_DIRECT_OBJC_ISA_USAGE = YES_ERROR;
				CLANG_WARN_EMPTY_BODY = YES;
				CLANG_WARN_ENUM_CONVERSION = YES;
				CLANG_WARN_INT_CONVERSION = YES;
				CLANG_WARN_OBJC_ROOT_CLASS = YES_ERROR;
				CLANG_WARN_UNREACHABLE_CODE = YES;
				CLANG_WARN__DUPLICATE_METHOD_MATCH = YES;
				"CODE_SIGN_IDENTITY[sdk=iphoneos*]" = "iPhone Developer";
				COPY_PHASE_STRIP = NO;
				DEBUG_INFORMATION_FORMAT = "dwarf-with-dsym";
				ENABLE_NS_ASSERTIONS = NO;
				ENABLE_STRICT_OBJC_MSGSEND = YES;
				GCC_C_LANGUAGE_STANDARD = gnu99;
				GCC_NO_COMMON_BLOCKS = YES;
				GCC_WARN_64_TO_32_BIT_CONVERSION = YES;
				GCC_WARN_ABOUT_RETURN_TYPE = YES_ERROR;
				GCC_WARN_UNDECLARED_SELECTOR = YES;
				GCC_WARN_UNINITIALIZED_AUTOS = YES_AGGRESSIVE;
				GCC_WARN_UNUSED_FUNCTION = YES;
				GCC_WARN_UNUSED_VARIABLE = YES;
				IPHONEOS_DEPLOYMENT_TARGET = 9.3;
				MTL_ENABLE_DEBUG_INFO = NO;
				SDKROOT = iphoneos;
				VALIDATE_PRODUCT = YES;
			};
			name = Release;
		};
		762821291D7A54F600B99CCC /* Debug */ = {
			isa = XCBuildConfiguration;
			buildSettings = {
				ASSETCATALOG_COMPILER_APPICON_NAME = AppIcon;
				INFOPLIST_FILE = ZTCarouselADType2/Info.plist;
				IPHONEOS_DEPLOYMENT_TARGET = 8.0;
				LD_RUNPATH_SEARCH_PATHS = "$(inherited) @executable_path/Frameworks";
				PRODUCT_BUNDLE_IDENTIFIER = com.zzt.www.ZTCarouselADType2;
				PRODUCT_NAME = "$(TARGET_NAME)";
			};
			name = Debug;
		};
		7628212A1D7A54F600B99CCC /* Release */ = {
			isa = XCBuildConfiguration;
			buildSettings = {
				ASSETCATALOG_COMPILER_APPICON_NAME = AppIcon;
				INFOPLIST_FILE = ZTCarouselADType2/Info.plist;
				IPHONEOS_DEPLOYMENT_TARGET = 8.0;
				LD_RUNPATH_SEARCH_PATHS = "$(inherited) @executable_path/Frameworks";
				PRODUCT_BUNDLE_IDENTIFIER = com.zzt.www.ZTCarouselADType2;
				PRODUCT_NAME = "$(TARGET_NAME)";
			};
			name = Release;
		};
/* End XCBuildConfiguration section */

/* Begin XCConfigurationList section */
		7628210C1D7A54F600B99CCC /* Build configuration list for PBXProject "ZTCarouselADType2" */ = {
			isa = XCConfigurationList;
			buildConfigurations = (
				762821261D7A54F600B99CCC /* Debug */,
				762821271D7A54F600B99CCC /* Release */,
			);
			defaultConfigurationIsVisible = 0;
			defaultConfigurationName = Release;
		};
		762821281D7A54F600B99CCC /* Build configuration list for PBXNativeTarget "ZTCarouselADType2" */ = {
			isa = XCConfigurationList;
			buildConfigurations = (
				762821291D7A54F600B99CCC /* Debug */,
				7628212A1D7A54F600B99CCC /* Release */,
			);
			defaultConfigurationIsVisible = 0;
			defaultConfigurationName = Release;
		};
/* End XCConfigurationList section */
	};
	rootObject = 762821091D7A54F600B99CCC /* Project object */;
}
